// !$*UTF8*$!
{
	archiveVersion = 1;
	classes = {
	};
	objectVersion = 56;
	objects = {

/* Begin PBXBuildFile section */
		3E27BBAB2A9DF83200255FDB /* TouchdownApp.swift in Sources */ = {isa = PBXBuildFile; fileRef = 3E27BBAA2A9DF83200255FDB /* TouchdownApp.swift */; };
		3E27BBAD2A9DF83200255FDB /* ContentView.swift in Sources */ = {isa = PBXBuildFile; fileRef = 3E27BBAC2A9DF83200255FDB /* ContentView.swift */; };
		3E27BBAF2A9DF83300255FDB /* Assets.xcassets in Resources */ = {isa = PBXBuildFile; fileRef = 3E27BBAE2A9DF83300255FDB /* Assets.xcassets */; };
		3E27BBB22A9DF83300255FDB /* Preview Assets.xcassets in Resources */ = {isa = PBXBuildFile; fileRef = 3E27BBB12A9DF83300255FDB /* Preview Assets.xcassets */; };
		3E27BBBD2A9DF8BC00255FDB /* category.json in Resources */ = {isa = PBXBuildFile; fileRef = 3E27BBB92A9DF8BC00255FDB /* category.json */; };
		3E27BBBE2A9DF8BC00255FDB /* brand.json in Resources */ = {isa = PBXBuildFile; fileRef = 3E27BBBA2A9DF8BC00255FDB /* brand.json */; };
		3E27BBBF2A9DF8BC00255FDB /* product.json in Resources */ = {isa = PBXBuildFile; fileRef = 3E27BBBB2A9DF8BC00255FDB /* product.json */; };
		3E27BBC02A9DF8BC00255FDB /* player.json in Resources */ = {isa = PBXBuildFile; fileRef = 3E27BBBC2A9DF8BC00255FDB /* player.json */; };
		3E27BBCA2A9DF9C800255FDB /* Constant.swift in Sources */ = {isa = PBXBuildFile; fileRef = 3E27BBC92A9DF9C800255FDB /* Constant.swift */; };
		3E27BBCC2A9DFA5500255FDB /* FooterView.swift in Sources */ = {isa = PBXBuildFile; fileRef = 3E27BBCB2A9DFA5500255FDB /* FooterView.swift */; };
		3E27BBCE2A9DFD0200255FDB /* NavigationBarView.swift in Sources */ = {isa = PBXBuildFile; fileRef = 3E27BBCD2A9DFD0200255FDB /* NavigationBarView.swift */; };
		3E27BBD02A9DFDC500255FDB /* LogoView.swift in Sources */ = {isa = PBXBuildFile; fileRef = 3E27BBCF2A9DFDC500255FDB /* LogoView.swift */; };
		3E51D70F2A9E04B600251F06 /* PlayerModel.swift in Sources */ = {isa = PBXBuildFile; fileRef = 3E51D70E2A9E04B600251F06 /* PlayerModel.swift */; };
		3E51D7112A9E04F200251F06 /* CodableBundleExtension.swift in Sources */ = {isa = PBXBuildFile; fileRef = 3E51D7102A9E04F200251F06 /* CodableBundleExtension.swift */; };
		3E51D7132A9E05D900251F06 /* FeaturedItemView.swift in Sources */ = {isa = PBXBuildFile; fileRef = 3E51D7122A9E05D900251F06 /* FeaturedItemView.swift */; };
		3E51D7152A9E063500251F06 /* FeaturedTabView.swift in Sources */ = {isa = PBXBuildFile; fileRef = 3E51D7142A9E063500251F06 /* FeaturedTabView.swift */; };
		3E51D7172A9E089100251F06 /* CategoryModel.swift in Sources */ = {isa = PBXBuildFile; fileRef = 3E51D7162A9E089100251F06 /* CategoryModel.swift */; };
		3E51D7192A9E095300251F06 /* CategoryItemView.swift in Sources */ = {isa = PBXBuildFile; fileRef = 3E51D7182A9E095300251F06 /* CategoryItemView.swift */; };
		3E51D71B2A9E0A5500251F06 /* CategoryGridView.swift in Sources */ = {isa = PBXBuildFile; fileRef = 3E51D71A2A9E0A5500251F06 /* CategoryGridView.swift */; };
		3E51D71D2A9E0B3300251F06 /* SectionView.swift in Sources */ = {isa = PBXBuildFile; fileRef = 3E51D71C2A9E0B3300251F06 /* SectionView.swift */; };
		3E51D71F2A9E23DC00251F06 /* TitleView.swift in Sources */ = {isa = PBXBuildFile; fileRef = 3E51D71E2A9E23DC00251F06 /* TitleView.swift */; };
		3E51D7212A9E249200251F06 /* ProductModel.swift in Sources */ = {isa = PBXBuildFile; fileRef = 3E51D7202A9E249200251F06 /* ProductModel.swift */; };
		3E51D7232A9E251200251F06 /* ProductItemView.swift in Sources */ = {isa = PBXBuildFile; fileRef = 3E51D7222A9E251200251F06 /* ProductItemView.swift */; };
		3E51D7252A9E271F00251F06 /* BrandModel.swift in Sources */ = {isa = PBXBuildFile; fileRef = 3E51D7242A9E271F00251F06 /* BrandModel.swift */; };
		3E51D7272A9E278A00251F06 /* BrandItemView.swift in Sources */ = {isa = PBXBuildFile; fileRef = 3E51D7262A9E278A00251F06 /* BrandItemView.swift */; };
		3E51D7292A9E280000251F06 /* BrandGridView.swift in Sources */ = {isa = PBXBuildFile; fileRef = 3E51D7282A9E280000251F06 /* BrandGridView.swift */; };
		3E51D72B2A9E296200251F06 /* ProductDetailView.swift in Sources */ = {isa = PBXBuildFile; fileRef = 3E51D72A2A9E296200251F06 /* ProductDetailView.swift */; };
		3E51D72D2A9E2A2500251F06 /* NavigationBarDetailView.swift in Sources */ = {isa = PBXBuildFile; fileRef = 3E51D72C2A9E2A2500251F06 /* NavigationBarDetailView.swift */; };
		3E51D72F2A9E2ACB00251F06 /* HeaderDetailView.swift in Sources */ = {isa = PBXBuildFile; fileRef = 3E51D72E2A9E2ACB00251F06 /* HeaderDetailView.swift */; };
		3E51D7312A9E2B7B00251F06 /* TopPartDetailView.swift in Sources */ = {isa = PBXBuildFile; fileRef = 3E51D7302A9E2B7B00251F06 /* TopPartDetailView.swift */; };
		3E51D7352A9E2E7900251F06 /* CustomShape.swift in Sources */ = {isa = PBXBuildFile; fileRef = 3E51D7342A9E2E7900251F06 /* CustomShape.swift */; };
		3E51D7372A9E2F8C00251F06 /* RatingSizesDetailView.swift in Sources */ = {isa = PBXBuildFile; fileRef = 3E51D7362A9E2F8C00251F06 /* RatingSizesDetailView.swift */; };
		3E51D7392A9E317600251F06 /* QuantityFavouriteDetailView.swift in Sources */ = {isa = PBXBuildFile; fileRef = 3E51D7382A9E317600251F06 /* QuantityFavouriteDetailView.swift */; };
		3E51D73B2A9E330100251F06 /* AddToCartDetailView.swift in Sources */ = {isa = PBXBuildFile; fileRef = 3E51D73A2A9E330100251F06 /* AddToCartDetailView.swift */; };
		3E51D73D2A9E341100251F06 /* Shop.swift in Sources */ = {isa = PBXBuildFile; fileRef = 3E51D73C2A9E341100251F06 /* Shop.swift */; };
/* End PBXBuildFile section */

/* Begin PBXFileReference section */
		3E27BBA72A9DF83200255FDB /* Touchdown.app */ = {isa = PBXFileReference; explicitFileType = wrapper.application; includeInIndex = 0; path = Touchdown.app; sourceTree = BUILT_PRODUCTS_DIR; };
		3E27BBAA2A9DF83200255FDB /* TouchdownApp.swift */ = {isa = PBXFileReference; lastKnownFileType = sourcecode.swift; path = TouchdownApp.swift; sourceTree = "<group>"; };
		3E27BBAC2A9DF83200255FDB /* ContentView.swift */ = {isa = PBXFileReference; lastKnownFileType = sourcecode.swift; path = ContentView.swift; sourceTree = "<group>"; };
		3E27BBAE2A9DF83300255FDB /* Assets.xcassets */ = {isa = PBXFileReference; lastKnownFileType = folder.assetcatalog; path = Assets.xcassets; sourceTree = "<group>"; };
		3E27BBB12A9DF83300255FDB /* Preview Assets.xcassets */ = {isa = PBXFileReference; lastKnownFileType = folder.assetcatalog; path = "Preview Assets.xcassets"; sourceTree = "<group>"; };
		3E27BBB92A9DF8BC00255FDB /* category.json */ = {isa = PBXFileReference; fileEncoding = 4; lastKnownFileType = text.json; path = category.json; sourceTree = "<group>"; };
		3E27BBBA2A9DF8BC00255FDB /* brand.json */ = {isa = PBXFileReference; fileEncoding = 4; lastKnownFileType = text.json; path = brand.json; sourceTree = "<group>"; };
		3E27BBBB2A9DF8BC00255FDB /* product.json */ = {isa = PBXFileReference; fileEncoding = 4; lastKnownFileType = text.json; path = product.json; sourceTree = "<group>"; };
		3E27BBBC2A9DF8BC00255FDB /* player.json */ = {isa = PBXFileReference; fileEncoding = 4; lastKnownFileType = text.json; path = player.json; sourceTree = "<group>"; };
		3E27BBC12A9DF92700255FDB /* Info.plist */ = {isa = PBXFileReference; lastKnownFileType = text.plist; path = Info.plist; sourceTree = "<group>"; };
		3E27BBC92A9DF9C800255FDB /* Constant.swift */ = {isa = PBXFileReference; lastKnownFileType = sourcecode.swift; path = Constant.swift; sourceTree = "<group>"; };
		3E27BBCB2A9DFA5500255FDB /* FooterView.swift */ = {isa = PBXFileReference; lastKnownFileType = sourcecode.swift; path = FooterView.swift; sourceTree = "<group>"; };
		3E27BBCD2A9DFD0200255FDB /* NavigationBarView.swift */ = {isa = PBXFileReference; lastKnownFileType = sourcecode.swift; path = NavigationBarView.swift; sourceTree = "<group>"; };
		3E27BBCF2A9DFDC500255FDB /* LogoView.swift */ = {isa = PBXFileReference; lastKnownFileType = sourcecode.swift; path = LogoView.swift; sourceTree = "<group>"; };
		3E51D70E2A9E04B600251F06 /* PlayerModel.swift */ = {isa = PBXFileReference; lastKnownFileType = sourcecode.swift; path = PlayerModel.swift; sourceTree = "<group>"; };
		3E51D7102A9E04F200251F06 /* CodableBundleExtension.swift */ = {isa = PBXFileReference; lastKnownFileType = sourcecode.swift; path = CodableBundleExtension.swift; sourceTree = "<group>"; };
		3E51D7122A9E05D900251F06 /* FeaturedItemView.swift */ = {isa = PBXFileReference; lastKnownFileType = sourcecode.swift; path = FeaturedItemView.swift; sourceTree = "<group>"; };
		3E51D7142A9E063500251F06 /* FeaturedTabView.swift */ = {isa = PBXFileReference; lastKnownFileType = sourcecode.swift; path = FeaturedTabView.swift; sourceTree = "<group>"; };
		3E51D7162A9E089100251F06 /* CategoryModel.swift */ = {isa = PBXFileReference; lastKnownFileType = sourcecode.swift; path = CategoryModel.swift; sourceTree = "<group>"; };
		3E51D7182A9E095300251F06 /* CategoryItemView.swift */ = {isa = PBXFileReference; lastKnownFileType = sourcecode.swift; path = CategoryItemView.swift; sourceTree = "<group>"; };
		3E51D71A2A9E0A5500251F06 /* CategoryGridView.swift */ = {isa = PBXFileReference; lastKnownFileType = sourcecode.swift; path = CategoryGridView.swift; sourceTree = "<group>"; };
		3E51D71C2A9E0B3300251F06 /* SectionView.swift */ = {isa = PBXFileReference; lastKnownFileType = sourcecode.swift; path = SectionView.swift; sourceTree = "<group>"; };
		3E51D71E2A9E23DC00251F06 /* TitleView.swift */ = {isa = PBXFileReference; lastKnownFileType = sourcecode.swift; path = TitleView.swift; sourceTree = "<group>"; };
		3E51D7202A9E249200251F06 /* ProductModel.swift */ = {isa = PBXFileReference; lastKnownFileType = sourcecode.swift; path = ProductModel.swift; sourceTree = "<group>"; };
		3E51D7222A9E251200251F06 /* ProductItemView.swift */ = {isa = PBXFileReference; lastKnownFileType = sourcecode.swift; path = ProductItemView.swift; sourceTree = "<group>"; };
		3E51D7242A9E271F00251F06 /* BrandModel.swift */ = {isa = PBXFileReference; lastKnownFileType = sourcecode.swift; path = BrandModel.swift; sourceTree = "<group>"; };
		3E51D7262A9E278A00251F06 /* BrandItemView.swift */ = {isa = PBXFileReference; lastKnownFileType = sourcecode.swift; path = BrandItemView.swift; sourceTree = "<group>"; };
		3E51D7282A9E280000251F06 /* BrandGridView.swift */ = {isa = PBXFileReference; lastKnownFileType = sourcecode.swift; path = BrandGridView.swift; sourceTree = "<group>"; };
		3E51D72A2A9E296200251F06 /* ProductDetailView.swift */ = {isa = PBXFileReference; lastKnownFileType = sourcecode.swift; path = ProductDetailView.swift; sourceTree = "<group>"; };
		3E51D72C2A9E2A2500251F06 /* NavigationBarDetailView.swift */ = {isa = PBXFileReference; lastKnownFileType = sourcecode.swift; path = NavigationBarDetailView.swift; sourceTree = "<group>"; };
		3E51D72E2A9E2ACB00251F06 /* HeaderDetailView.swift */ = {isa = PBXFileReference; lastKnownFileType = sourcecode.swift; path = HeaderDetailView.swift; sourceTree = "<group>"; };
		3E51D7302A9E2B7B00251F06 /* TopPartDetailView.swift */ = {isa = PBXFileReference; lastKnownFileType = sourcecode.swift; path = TopPartDetailView.swift; sourceTree = "<group>"; };
		3E51D7342A9E2E7900251F06 /* CustomShape.swift */ = {isa = PBXFileReference; lastKnownFileType = sourcecode.swift; path = CustomShape.swift; sourceTree = "<group>"; };
		3E51D7362A9E2F8C00251F06 /* RatingSizesDetailView.swift */ = {isa = PBXFileReference; lastKnownFileType = sourcecode.swift; path = RatingSizesDetailView.swift; sourceTree = "<group>"; };
		3E51D7382A9E317600251F06 /* QuantityFavouriteDetailView.swift */ = {isa = PBXFileReference; lastKnownFileType = sourcecode.swift; path = QuantityFavouriteDetailView.swift; sourceTree = "<group>"; };
		3E51D73A2A9E330100251F06 /* AddToCartDetailView.swift */ = {isa = PBXFileReference; lastKnownFileType = sourcecode.swift; path = AddToCartDetailView.swift; sourceTree = "<group>"; };
		3E51D73C2A9E341100251F06 /* Shop.swift */ = {isa = PBXFileReference; lastKnownFileType = sourcecode.swift; path = Shop.swift; sourceTree = "<group>"; };
/* End PBXFileReference section */

/* Begin PBXFrameworksBuildPhase section */
		3E27BBA42A9DF83200255FDB /* Frameworks */ = {
			isa = PBXFrameworksBuildPhase;
			buildActionMask = 2147483647;
			files = (
			);
			runOnlyForDeploymentPostprocessing = 0;
		};
/* End PBXFrameworksBuildPhase section */

/* Begin PBXGroup section */
		3E27BB9E2A9DF83200255FDB = {
			isa = PBXGroup;
			children = (
				3E27BBA92A9DF83200255FDB /* Touchdown */,
				3E27BBA82A9DF83200255FDB /* Products */,
			);
			sourceTree = "<group>";
		};
		3E27BBA82A9DF83200255FDB /* Products */ = {
			isa = PBXGroup;
			children = (
				3E27BBA72A9DF83200255FDB /* Touchdown.app */,
			);
			name = Products;
			sourceTree = "<group>";
		};
		3E27BBA92A9DF83200255FDB /* Touchdown */ = {
			isa = PBXGroup;
			children = (
				3E27BBC12A9DF92700255FDB /* Info.plist */,
				3E27BBAE2A9DF83300255FDB /* Assets.xcassets */,
				3E27BBC32A9DF98300255FDB /* App */,
				3E27BBB82A9DF8B300255FDB /* Data */,
				3E27BBC72A9DF99900255FDB /* Extension */,
				3E27BBC62A9DF99500255FDB /* Model */,
				3E27BBB02A9DF83300255FDB /* Preview Content */,
				3E27BBC82A9DF9A000255FDB /* Utility */,
				3E27BBC22A9DF97B00255FDB /* View */,
			);
			path = Touchdown;
			sourceTree = "<group>";
		};
		3E27BBB02A9DF83300255FDB /* Preview Content */ = {
			isa = PBXGroup;
			children = (
				3E27BBB12A9DF83300255FDB /* Preview Assets.xcassets */,
			);
			path = "Preview Content";
			sourceTree = "<group>";
		};
		3E27BBB82A9DF8B300255FDB /* Data */ = {
			isa = PBXGroup;
			children = (
				3E27BBBA2A9DF8BC00255FDB /* brand.json */,
				3E27BBB92A9DF8BC00255FDB /* category.json */,
				3E27BBBC2A9DF8BC00255FDB /* player.json */,
				3E27BBBB2A9DF8BC00255FDB /* product.json */,
			);
			path = Data;
			sourceTree = "<group>";
		};
		3E27BBC22A9DF97B00255FDB /* View */ = {
			isa = PBXGroup;
			children = (
				3E27BBC52A9DF98E00255FDB /* Detail */,
				3E27BBC42A9DF98800255FDB /* Home */,
			);
			path = View;
			sourceTree = "<group>";
		};
		3E27BBC32A9DF98300255FDB /* App */ = {
			isa = PBXGroup;
			children = (
				3E27BBAA2A9DF83200255FDB /* TouchdownApp.swift */,
				3E27BBAC2A9DF83200255FDB /* ContentView.swift */,
				3E51D72A2A9E296200251F06 /* ProductDetailView.swift */,
			);
			path = App;
			sourceTree = "<group>";
		};
		3E27BBC42A9DF98800255FDB /* Home */ = {
			isa = PBXGroup;
			children = (
				3E27BBCB2A9DFA5500255FDB /* FooterView.swift */,
				3E27BBCD2A9DFD0200255FDB /* NavigationBarView.swift */,
				3E27BBCF2A9DFDC500255FDB /* LogoView.swift */,
				3E51D7122A9E05D900251F06 /* FeaturedItemView.swift */,
				3E51D7142A9E063500251F06 /* FeaturedTabView.swift */,
				3E51D7182A9E095300251F06 /* CategoryItemView.swift */,
				3E51D71A2A9E0A5500251F06 /* CategoryGridView.swift */,
				3E51D71C2A9E0B3300251F06 /* SectionView.swift */,
				3E51D71E2A9E23DC00251F06 /* TitleView.swift */,
				3E51D7222A9E251200251F06 /* ProductItemView.swift */,
				3E51D7282A9E280000251F06 /* BrandGridView.swift */,
				3E51D7262A9E278A00251F06 /* BrandItemView.swift */,
			);
			path = Home;
			sourceTree = "<group>";
		};
		3E27BBC52A9DF98E00255FDB /* Detail */ = {
			isa = PBXGroup;
			children = (
				3E51D72C2A9E2A2500251F06 /* NavigationBarDetailView.swift */,
				3E51D72E2A9E2ACB00251F06 /* HeaderDetailView.swift */,
				3E51D7302A9E2B7B00251F06 /* TopPartDetailView.swift */,
				3E51D7362A9E2F8C00251F06 /* RatingSizesDetailView.swift */,
				3E51D7382A9E317600251F06 /* QuantityFavouriteDetailView.swift */,
				3E51D73A2A9E330100251F06 /* AddToCartDetailView.swift */,
			);
			path = Detail;
			sourceTree = "<group>";
		};
		3E27BBC62A9DF99500255FDB /* Model */ = {
			isa = PBXGroup;
			children = (
				3E51D70E2A9E04B600251F06 /* PlayerModel.swift */,
				3E51D7162A9E089100251F06 /* CategoryModel.swift */,
				3E51D7202A9E249200251F06 /* ProductModel.swift */,
				3E51D7242A9E271F00251F06 /* BrandModel.swift */,
			);
			path = Model;
			sourceTree = "<group>";
		};
		3E27BBC72A9DF99900255FDB /* Extension */ = {
			isa = PBXGroup;
			children = (
				3E51D7102A9E04F200251F06 /* CodableBundleExtension.swift */,
			);
			path = Extension;
			sourceTree = "<group>";
		};
		3E27BBC82A9DF9A000255FDB /* Utility */ = {
			isa = PBXGroup;
			children = (
				3E27BBC92A9DF9C800255FDB /* Constant.swift */,
				3E51D7342A9E2E7900251F06 /* CustomShape.swift */,
				3E51D73C2A9E341100251F06 /* Shop.swift */,
			);
			path = Utility;
			sourceTree = "<group>";
		};
/* End PBXGroup section */

/* Begin PBXNativeTarget section */
		3E27BBA62A9DF83200255FDB /* Touchdown */ = {
			isa = PBXNativeTarget;
			buildConfigurationList = 3E27BBB52A9DF83300255FDB /* Build configuration list for PBXNativeTarget "Touchdown" */;
			buildPhases = (
				3E27BBA32A9DF83200255FDB /* Sources */,
				3E27BBA42A9DF83200255FDB /* Frameworks */,
				3E27BBA52A9DF83200255FDB /* Resources */,
			);
			buildRules = (
			);
			dependencies = (
			);
			name = Touchdown;
			productName = Touchdown;
			productReference = 3E27BBA72A9DF83200255FDB /* Touchdown.app */;
			productType = "com.apple.product-type.application";
		};
/* End PBXNativeTarget section */

/* Begin PBXProject section */
		3E27BB9F2A9DF83200255FDB /* Project object */ = {
			isa = PBXProject;
			attributes = {
				BuildIndependentTargetsInParallel = 1;
				LastSwiftUpdateCheck = 1430;
				LastUpgradeCheck = 1430;
				TargetAttributes = {
					3E27BBA62A9DF83200255FDB = {
						CreatedOnToolsVersion = 14.3.1;
					};
				};
			};
			buildConfigurationList = 3E27BBA22A9DF83200255FDB /* Build configuration list for PBXProject "Touchdown" */;
			compatibilityVersion = "Xcode 14.0";
			developmentRegion = en;
			hasScannedForEncodings = 0;
			knownRegions = (
				en,
				Base,
			);
			mainGroup = 3E27BB9E2A9DF83200255FDB;
			productRefGroup = 3E27BBA82A9DF83200255FDB /* Products */;
			projectDirPath = "";
			projectRoot = "";
			targets = (
				3E27BBA62A9DF83200255FDB /* Touchdown */,
			);
		};
/* End PBXProject section */

/* Begin PBXResourcesBuildPhase section */
		3E27BBA52A9DF83200255FDB /* Resources */ = {
			isa = PBXResourcesBuildPhase;
			buildActionMask = 2147483647;
			files = (
				3E27BBC02A9DF8BC00255FDB /* player.json in Resources */,
				3E27BBBD2A9DF8BC00255FDB /* category.json in Resources */,
				3E27BBBE2A9DF8BC00255FDB /* brand.json in Resources */,
				3E27BBB22A9DF83300255FDB /* Preview Assets.xcassets in Resources */,
				3E27BBAF2A9DF83300255FDB /* Assets.xcassets in Resources */,
				3E27BBBF2A9DF8BC00255FDB /* product.json in Resources */,
			);
			runOnlyForDeploymentPostprocessing = 0;
		};
/* End PBXResourcesBuildPhase section */

/* Begin PBXSourcesBuildPhase section */
		3E27BBA32A9DF83200255FDB /* Sources */ = {
			isa = PBXSourcesBuildPhase;
			buildActionMask = 2147483647;
			files = (
				3E51D7112A9E04F200251F06 /* CodableBundleExtension.swift in Sources */,
				3E51D72F2A9E2ACB00251F06 /* HeaderDetailView.swift in Sources */,
				3E51D7312A9E2B7B00251F06 /* TopPartDetailView.swift in Sources */,
				3E27BBAD2A9DF83200255FDB /* ContentView.swift in Sources */,
				3E27BBD02A9DFDC500255FDB /* LogoView.swift in Sources */,
				3E27BBCC2A9DFA5500255FDB /* FooterView.swift in Sources */,
				3E51D7132A9E05D900251F06 /* FeaturedItemView.swift in Sources */,
				3E51D7232A9E251200251F06 /* ProductItemView.swift in Sources */,
				3E51D73B2A9E330100251F06 /* AddToCartDetailView.swift in Sources */,
				3E51D7292A9E280000251F06 /* BrandGridView.swift in Sources */,
				3E27BBAB2A9DF83200255FDB /* TouchdownApp.swift in Sources */,
				3E51D72B2A9E296200251F06 /* ProductDetailView.swift in Sources */,
				3E51D72D2A9E2A2500251F06 /* NavigationBarDetailView.swift in Sources */,
				3E27BBCA2A9DF9C800255FDB /* Constant.swift in Sources */,
				3E51D71B2A9E0A5500251F06 /* CategoryGridView.swift in Sources */,
				3E51D7172A9E089100251F06 /* CategoryModel.swift in Sources */,
				3E27BBCE2A9DFD0200255FDB /* NavigationBarView.swift in Sources */,
				3E51D71D2A9E0B3300251F06 /* SectionView.swift in Sources */,
				3E51D7272A9E278A00251F06 /* BrandItemView.swift in Sources */,
				3E51D7192A9E095300251F06 /* CategoryItemView.swift in Sources */,
				3E51D7372A9E2F8C00251F06 /* RatingSizesDetailView.swift in Sources */,
				3E51D7152A9E063500251F06 /* FeaturedTabView.swift in Sources */,
				3E51D7352A9E2E7900251F06 /* CustomShape.swift in Sources */,
				3E51D70F2A9E04B600251F06 /* PlayerModel.swift in Sources */,
				3E51D73D2A9E341100251F06 /* Shop.swift in Sources */,
				3E51D7252A9E271F00251F06 /* BrandModel.swift in Sources */,
				3E51D71F2A9E23DC00251F06 /* TitleView.swift in Sources */,
				3E51D7392A9E317600251F06 /* QuantityFavouriteDetailView.swift in Sources */,
				3E51D7212A9E249200251F06 /* ProductModel.swift in Sources */,
			);
			runOnlyForDeploymentPostprocessing = 0;
		};
/* End PBXSourcesBuildPhase section */

/* Begin XCBuildConfiguration section */
		3E27BBB32A9DF83300255FDB /* Debug */ = {
			isa = XCBuildConfiguration;
			buildSettings = {
				ALWAYS_SEARCH_USER_PATHS = NO;
				CLANG_ANALYZER_NONNULL = YES;
				CLANG_ANALYZER_NUMBER_OBJECT_CONVERSION = YES_AGGRESSIVE;
				CLANG_CXX_LANGUAGE_STANDARD = "gnu++20";
				CLANG_ENABLE_MODULES = YES;
				CLANG_ENABLE_OBJC_ARC = YES;
				CLANG_ENABLE_OBJC_WEAK = YES;
				CLANG_WARN_BLOCK_CAPTURE_AUTORELEASING = YES;
				CLANG_WARN_BOOL_CONVERSION = YES;
				CLANG_WARN_COMMA = YES;
				CLANG_WARN_CONSTANT_CONVERSION = YES;
				CLANG_WARN_DEPRECATED_OBJC_IMPLEMENTATIONS = YES;
				CLANG_WARN_DIRECT_OBJC_ISA_USAGE = YES_ERROR;
				CLANG_WARN_DOCUMENTATION_COMMENTS = YES;
				CLANG_WARN_EMPTY_BODY = YES;
				CLANG_WARN_ENUM_CONVERSION = YES;
				CLANG_WARN_INFINITE_RECURSION = YES;
				CLANG_WARN_INT_CONVERSION = YES;
				CLANG_WARN_NON_LITERAL_NULL_CONVERSION = YES;
				CLANG_WARN_OBJC_IMPLICIT_RETAIN_SELF = YES;
				CLANG_WARN_OBJC_LITERAL_CONVERSION = YES;
				CLANG_WARN_OBJC_ROOT_CLASS = YES_ERROR;
				CLANG_WARN_QUOTED_INCLUDE_IN_FRAMEWORK_HEADER = YES;
				CLANG_WARN_RANGE_LOOP_ANALYSIS = YES;
				CLANG_WARN_STRICT_PROTOTYPES = YES;
				CLANG_WARN_SUSPICIOUS_MOVE = YES;
				CLANG_WARN_UNGUARDED_AVAILABILITY = YES_AGGRESSIVE;
				CLANG_WARN_UNREACHABLE_CODE = YES;
				CLANG_WARN__DUPLICATE_METHOD_MATCH = YES;
				COPY_PHASE_STRIP = NO;
				DEBUG_INFORMATION_FORMAT = dwarf;
				ENABLE_STRICT_OBJC_MSGSEND = YES;
				ENABLE_TESTABILITY = YES;
				GCC_C_LANGUAGE_STANDARD = gnu11;
				GCC_DYNAMIC_NO_PIC = NO;
				GCC_NO_COMMON_BLOCKS = YES;
				GCC_OPTIMIZATION_LEVEL = 0;
				GCC_PREPROCESSOR_DEFINITIONS = (
					"DEBUG=1",
					"$(inherited)",
				);
				GCC_WARN_64_TO_32_BIT_CONVERSION = YES;
				GCC_WARN_ABOUT_RETURN_TYPE = YES_ERROR;
				GCC_WARN_UNDECLARED_SELECTOR = YES;
				GCC_WARN_UNINITIALIZED_AUTOS = YES_AGGRESSIVE;
				GCC_WARN_UNUSED_FUNCTION = YES;
				GCC_WARN_UNUSED_VARIABLE = YES;
				IPHONEOS_DEPLOYMENT_TARGET = 16.4;
				MTL_ENABLE_DEBUG_INFO = INCLUDE_SOURCE;
				MTL_FAST_MATH = YES;
				ONLY_ACTIVE_ARCH = YES;
				SDKROOT = iphoneos;
				SWIFT_ACTIVE_COMPILATION_CONDITIONS = DEBUG;
				SWIFT_OPTIMIZATION_LEVEL = "-Onone";
			};
			name = Debug;
		};
		3E27BBB42A9DF83300255FDB /* Release */ = {
			isa = XCBuildConfiguration;
			buildSettings = {
				ALWAYS_SEARCH_USER_PATHS = NO;
				CLANG_ANALYZER_NONNULL = YES;
				CLANG_ANALYZER_NUMBER_OBJECT_CONVERSION = YES_AGGRESSIVE;
				CLANG_CXX_LANGUAGE_STANDARD = "gnu++20";
				CLANG_ENABLE_MODULES = YES;
				CLANG_ENABLE_OBJC_ARC = YES;
				CLANG_ENABLE_OBJC_WEAK = YES;
				CLANG_WARN_BLOCK_CAPTURE_AUTORELEASING = YES;
				CLANG_WARN_BOOL_CONVERSION = YES;
				CLANG_WARN_COMMA = YES;
				CLANG_WARN_CONSTANT_CONVERSION = YES;
				CLANG_WARN_DEPRECATED_OBJC_IMPLEMENTATIONS = YES;
				CLANG_WARN_DIRECT_OBJC_ISA_USAGE = YES_ERROR;
				CLANG_WARN_DOCUMENTATION_COMMENTS = YES;
				CLANG_WARN_EMPTY_BODY = YES;
				CLANG_WARN_ENUM_CONVERSION = YES;
				CLANG_WARN_INFINITE_RECURSION = YES;
				CLANG_WARN_INT_CONVERSION = YES;
				CLANG_WARN_NON_LITERAL_NULL_CONVERSION = YES;
				CLANG_WARN_OBJC_IMPLICIT_RETAIN_SELF = YES;
				CLANG_WARN_OBJC_LITERAL_CONVERSION = YES;
				CLANG_WARN_OBJC_ROOT_CLASS = YES_ERROR;
				CLANG_WARN_QUOTED_INCLUDE_IN_FRAMEWORK_HEADER = YES;
				CLANG_WARN_RANGE_LOOP_ANALYSIS = YES;
				CLANG_WARN_STRICT_PROTOTYPES = YES;
				CLANG_WARN_SUSPICIOUS_MOVE = YES;
				CLANG_WARN_UNGUARDED_AVAILABILITY = YES_AGGRESSIVE;
				CLANG_WARN_UNREACHABLE_CODE = YES;
				CLANG_WARN__DUPLICATE_METHOD_MATCH = YES;
				COPY_PHASE_STRIP = NO;
				DEBUG_INFORMATION_FORMAT = "dwarf-with-dsym";
				ENABLE_NS_ASSERTIONS = NO;
				ENABLE_STRICT_OBJC_MSGSEND = YES;
				GCC_C_LANGUAGE_STANDARD = gnu11;
				GCC_NO_COMMON_BLOCKS = YES;
				GCC_WARN_64_TO_32_BIT_CONVERSION = YES;
				GCC_WARN_ABOUT_RETURN_TYPE = YES_ERROR;
				GCC_WARN_UNDECLARED_SELECTOR = YES;
				GCC_WARN_UNINITIALIZED_AUTOS = YES_AGGRESSIVE;
				GCC_WARN_UNUSED_FUNCTION = YES;
				GCC_WARN_UNUSED_VARIABLE = YES;
				IPHONEOS_DEPLOYMENT_TARGET = 16.4;
				MTL_ENABLE_DEBUG_INFO = NO;
				MTL_FAST_MATH = YES;
				SDKROOT = iphoneos;
				SWIFT_COMPILATION_MODE = wholemodule;
				SWIFT_OPTIMIZATION_LEVEL = "-O";
				VALIDATE_PRODUCT = YES;
			};
			name = Release;
		};
		3E27BBB62A9DF83300255FDB /* Debug */ = {
			isa = XCBuildConfiguration;
			buildSettings = {
				ASSETCATALOG_COMPILER_APPICON_NAME = AppIcon;
				ASSETCATALOG_COMPILER_GLOBAL_ACCENT_COLOR_NAME = AccentColor;
				CODE_SIGN_STYLE = Automatic;
				CURRENT_PROJECT_VERSION = 1;
				DEVELOPMENT_ASSET_PATHS = "\"Touchdown/Preview Content\"";
				DEVELOPMENT_TEAM = 6CG326ELR9;
				ENABLE_PREVIEWS = YES;
				GENERATE_INFOPLIST_FILE = YES;
				INFOPLIST_FILE = Touchdown/Info.plist;
				INFOPLIST_KEY_UIApplicationSceneManifest_Generation = YES;
				INFOPLIST_KEY_UIApplicationSupportsIndirectInputEvents = YES;
				INFOPLIST_KEY_UISupportedInterfaceOrientations = UIInterfaceOrientationPortrait;
				INFOPLIST_KEY_UISupportedInterfaceOrientations_iPad = "UIInterfaceOrientationPortrait UIInterfaceOrientationPortraitUpsideDown";
				INFOPLIST_KEY_UIUserInterfaceStyle = Light;
				LD_RUNPATH_SEARCH_PATHS = (
					"$(inherited)",
					"@executable_path/Frameworks",
				);
				MARKETING_VERSION = 1.0;
				PRODUCT_BUNDLE_IDENTIFIER = com.siriuscode.Touchdown;
				PRODUCT_NAME = "$(TARGET_NAME)";
				SWIFT_EMIT_LOC_STRINGS = YES;
				SWIFT_VERSION = 5.0;
				TARGETED_DEVICE_FAMILY = "1,2";
			};
			name = Debug;
		};
		3E27BBB72A9DF83300255FDB /* Release */ = {
			isa = XCBuildConfiguration;
			buildSettings = {
				ASSETCATALOG_COMPILER_APPICON_NAME = AppIcon;
				ASSETCATALOG_COMPILER_GLOBAL_ACCENT_COLOR_NAME = AccentColor;
				CODE_SIGN_STYLE = Automatic;
				CURRENT_PROJECT_VERSION = 1;
				DEVELOPMENT_ASSET_PATHS = "\"Touchdown/Preview Content\"";
				DEVELOPMENT_TEAM = 6CG326ELR9;
				ENABLE_PREVIEWS = YES;
				GENERATE_INFOPLIST_FILE = YES;
				INFOPLIST_FILE = Touchdown/Info.plist;
				INFOPLIST_KEY_UIApplicationSceneManifest_Generation = YES;
				INFOPLIST_KEY_UIApplicationSupportsIndirectInputEvents = YES;
				INFOPLIST_KEY_UISupportedInterfaceOrientations = UIInterfaceOrientationPortrait;
				INFOPLIST_KEY_UISupportedInterfaceOrientations_iPad = "UIInterfaceOrientationPortrait UIInterfaceOrientationPortraitUpsideDown";
				INFOPLIST_KEY_UIUserInterfaceStyle = Light;
				LD_RUNPATH_SEARCH_PATHS = (
					"$(inherited)",
					"@executable_path/Frameworks",
				);
				MARKETING_VERSION = 1.0;
				PRODUCT_BUNDLE_IDENTIFIER = com.siriuscode.Touchdown;
				PRODUCT_NAME = "$(TARGET_NAME)";
				SWIFT_EMIT_LOC_STRINGS = YES;
				SWIFT_VERSION = 5.0;
				TARGETED_DEVICE_FAMILY = "1,2";
			};
			name = Release;
		};
/* End XCBuildConfiguration section */

/* Begin XCConfigurationList section */
		3E27BBA22A9DF83200255FDB /* Build configuration list for PBXProject "Touchdown" */ = {
			isa = XCConfigurationList;
			buildConfigurations = (
				3E27BBB32A9DF83300255FDB /* Debug */,
				3E27BBB42A9DF83300255FDB /* Release */,
			);
			defaultConfigurationIsVisible = 0;
			defaultConfigurationName = Release;
		};
		3E27BBB52A9DF83300255FDB /* Build configuration list for PBXNativeTarget "Touchdown" */ = {
			isa = XCConfigurationList;
			buildConfigurations = (
				3E27BBB62A9DF83300255FDB /* Debug */,
				3E27BBB72A9DF83300255FDB /* Release */,
			);
			defaultConfigurationIsVisible = 0;
			defaultConfigurationName = Release;
		};
/* End XCConfigurationList section */
	};
	rootObject = 3E27BB9F2A9DF83200255FDB /* Project object */;
}
