// !$*UTF8*$!
{
	archiveVersion = 1;
	classes = {
	};
	objectVersion = 56;
	objects = {

/* Begin PBXBuildFile section */
		3E4641822A9E43E60073F4FB /* Note.swift in Sources */ = {isa = PBXBuildFile; fileRef = 3E4641812A9E43E60073F4FB /* Note.swift */; };
		3E4641842A9E4B440073F4FB /* DetailView.swift in Sources */ = {isa = PBXBuildFile; fileRef = 3E4641832A9E4B440073F4FB /* DetailView.swift */; };
		3E4641862A9F6A850073F4FB /* CreditView.swift in Sources */ = {isa = PBXBuildFile; fileRef = 3E4641852A9F6A850073F4FB /* CreditView.swift */; };
		3E4641892A9F6AED0073F4FB /* HeaderView.swift in Sources */ = {isa = PBXBuildFile; fileRef = 3E4641882A9F6AED0073F4FB /* HeaderView.swift */; };
		3E46418B2A9F6DD30073F4FB /* SettingsView.swift in Sources */ = {isa = PBXBuildFile; fileRef = 3E46418A2A9F6DD30073F4FB /* SettingsView.swift */; };
		3E51D74C2A9E416A00251F06 /* Notes Watch App.app in Embed Watch Content */ = {isa = PBXBuildFile; fileRef = 3E51D74B2A9E416A00251F06 /* Notes Watch App.app */; settings = {ATTRIBUTES = (RemoveHeadersOnCopy, ); }; };
		3E51D7512A9E416A00251F06 /* NotesApp.swift in Sources */ = {isa = PBXBuildFile; fileRef = 3E51D7502A9E416A00251F06 /* NotesApp.swift */; };
		3E51D7532A9E416A00251F06 /* ContentView.swift in Sources */ = {isa = PBXBuildFile; fileRef = 3E51D7522A9E416A00251F06 /* ContentView.swift */; };
		3E51D7552A9E416B00251F06 /* Assets.xcassets in Resources */ = {isa = PBXBuildFile; fileRef = 3E51D7542A9E416B00251F06 /* Assets.xcassets */; };
		3E51D7582A9E416B00251F06 /* Preview Assets.xcassets in Resources */ = {isa = PBXBuildFile; fileRef = 3E51D7572A9E416B00251F06 /* Preview Assets.xcassets */; };
/* End PBXBuildFile section */

/* Begin PBXContainerItemProxy section */
		3E51D74D2A9E416A00251F06 /* PBXContainerItemProxy */ = {
			isa = PBXContainerItemProxy;
			containerPortal = 3E51D73F2A9E416A00251F06 /* Project object */;
			proxyType = 1;
			remoteGlobalIDString = 3E51D74A2A9E416A00251F06;
			remoteInfo = "Notes Watch App";
		};
/* End PBXContainerItemProxy section */

/* Begin PBXCopyFilesBuildPhase section */
		3E51D75E2A9E416B00251F06 /* Embed Watch Content */ = {
			isa = PBXCopyFilesBuildPhase;
			buildActionMask = 2147483647;
			dstPath = "$(CONTENTS_FOLDER_PATH)/Watch";
			dstSubfolderSpec = 16;
			files = (
				3E51D74C2A9E416A00251F06 /* Notes Watch App.app in Embed Watch Content */,
			);
			name = "Embed Watch Content";
			runOnlyForDeploymentPostprocessing = 0;
		};
/* End PBXCopyFilesBuildPhase section */

/* Begin PBXFileReference section */
		3E4641812A9E43E60073F4FB /* Note.swift */ = {isa = PBXFileReference; lastKnownFileType = sourcecode.swift; path = Note.swift; sourceTree = "<group>"; };
		3E4641832A9E4B440073F4FB /* DetailView.swift */ = {isa = PBXFileReference; lastKnownFileType = sourcecode.swift; path = DetailView.swift; sourceTree = "<group>"; };
		3E4641852A9F6A850073F4FB /* CreditView.swift */ = {isa = PBXFileReference; lastKnownFileType = sourcecode.swift; path = CreditView.swift; sourceTree = "<group>"; };
		3E4641882A9F6AED0073F4FB /* HeaderView.swift */ = {isa = PBXFileReference; lastKnownFileType = sourcecode.swift; path = HeaderView.swift; sourceTree = "<group>"; };
		3E46418A2A9F6DD30073F4FB /* SettingsView.swift */ = {isa = PBXFileReference; lastKnownFileType = sourcecode.swift; path = SettingsView.swift; sourceTree = "<group>"; };
		3E51D7452A9E416A00251F06 /* Notes.app */ = {isa = PBXFileReference; explicitFileType = wrapper.application; includeInIndex = 0; path = Notes.app; sourceTree = BUILT_PRODUCTS_DIR; };
		3E51D74B2A9E416A00251F06 /* Notes Watch App.app */ = {isa = PBXFileReference; explicitFileType = wrapper.application; includeInIndex = 0; path = "Notes Watch App.app"; sourceTree = BUILT_PRODUCTS_DIR; };
		3E51D7502A9E416A00251F06 /* NotesApp.swift */ = {isa = PBXFileReference; lastKnownFileType = sourcecode.swift; path = NotesApp.swift; sourceTree = "<group>"; };
		3E51D7522A9E416A00251F06 /* ContentView.swift */ = {isa = PBXFileReference; lastKnownFileType = sourcecode.swift; path = ContentView.swift; sourceTree = "<group>"; };
		3E51D7542A9E416B00251F06 /* Assets.xcassets */ = {isa = PBXFileReference; lastKnownFileType = folder.assetcatalog; path = Assets.xcassets; sourceTree = "<group>"; };
		3E51D7572A9E416B00251F06 /* Preview Assets.xcassets */ = {isa = PBXFileReference; lastKnownFileType = folder.assetcatalog; path = "Preview Assets.xcassets"; sourceTree = "<group>"; };
/* End PBXFileReference section */

/* Begin PBXFrameworksBuildPhase section */
		3E51D7482A9E416A00251F06 /* Frameworks */ = {
			isa = PBXFrameworksBuildPhase;
			buildActionMask = 2147483647;
			files = (
			);
			runOnlyForDeploymentPostprocessing = 0;
		};
/* End PBXFrameworksBuildPhase section */

/* Begin PBXGroup section */
		3E46417F2A9E43C70073F4FB /* View */ = {
			isa = PBXGroup;
			children = (
				3E51D7522A9E416A00251F06 /* ContentView.swift */,
				3E4641832A9E4B440073F4FB /* DetailView.swift */,
				3E4641852A9F6A850073F4FB /* CreditView.swift */,
				3E46418A2A9F6DD30073F4FB /* SettingsView.swift */,
			);
			path = View;
			sourceTree = "<group>";
		};
		3E4641802A9E43D60073F4FB /* Model */ = {
			isa = PBXGroup;
			children = (
				3E4641812A9E43E60073F4FB /* Note.swift */,
			);
			path = Model;
			sourceTree = "<group>";
		};
		3E4641872A9F6AE10073F4FB /* Component */ = {
			isa = PBXGroup;
			children = (
				3E4641882A9F6AED0073F4FB /* HeaderView.swift */,
			);
			path = Component;
			sourceTree = "<group>";
		};
		3E51D73E2A9E416A00251F06 = {
			isa = PBXGroup;
			children = (
				3E51D74F2A9E416A00251F06 /* Notes Watch App */,
				3E51D7462A9E416A00251F06 /* Products */,
			);
			sourceTree = "<group>";
		};
		3E51D7462A9E416A00251F06 /* Products */ = {
			isa = PBXGroup;
			children = (
				3E51D7452A9E416A00251F06 /* Notes.app */,
				3E51D74B2A9E416A00251F06 /* Notes Watch App.app */,
			);
			name = Products;
			sourceTree = "<group>";
		};
		3E51D74F2A9E416A00251F06 /* Notes Watch App */ = {
			isa = PBXGroup;
			children = (
				3E4641872A9F6AE10073F4FB /* Component */,
				3E4641802A9E43D60073F4FB /* Model */,
				3E51D7502A9E416A00251F06 /* NotesApp.swift */,
				3E46417F2A9E43C70073F4FB /* View */,
				3E51D7542A9E416B00251F06 /* Assets.xcassets */,
				3E51D7562A9E416B00251F06 /* Preview Content */,
			);
			path = "Notes Watch App";
			sourceTree = "<group>";
		};
		3E51D7562A9E416B00251F06 /* Preview Content */ = {
			isa = PBXGroup;
			children = (
				3E51D7572A9E416B00251F06 /* Preview Assets.xcassets */,
			);
			path = "Preview Content";
			sourceTree = "<group>";
		};
/* End PBXGroup section */

/* Begin PBXNativeTarget section */
		3E51D7442A9E416A00251F06 /* Notes */ = {
			isa = PBXNativeTarget;
			buildConfigurationList = 3E51D75F2A9E416B00251F06 /* Build configuration list for PBXNativeTarget "Notes" */;
			buildPhases = (
				3E51D7432A9E416A00251F06 /* Resources */,
				3E51D75E2A9E416B00251F06 /* Embed Watch Content */,
			);
			buildRules = (
			);
			dependencies = (
				3E51D74E2A9E416A00251F06 /* PBXTargetDependency */,
			);
			name = Notes;
			productName = Notes;
			productReference = 3E51D7452A9E416A00251F06 /* Notes.app */;
			productType = "com.apple.product-type.application.watchapp2-container";
		};
		3E51D74A2A9E416A00251F06 /* Notes Watch App */ = {
			isa = PBXNativeTarget;
			buildConfigurationList = 3E51D75B2A9E416B00251F06 /* Build configuration list for PBXNativeTarget "Notes Watch App" */;
			buildPhases = (
				3E51D7472A9E416A00251F06 /* Sources */,
				3E51D7482A9E416A00251F06 /* Frameworks */,
				3E51D7492A9E416A00251F06 /* Resources */,
			);
			buildRules = (
			);
			dependencies = (
			);
			name = "Notes Watch App";
			productName = "Notes Watch App";
			productReference = 3E51D74B2A9E416A00251F06 /* Notes Watch App.app */;
			productType = "com.apple.product-type.application";
		};
/* End PBXNativeTarget section */

/* Begin PBXProject section */
		3E51D73F2A9E416A00251F06 /* Project object */ = {
			isa = PBXProject;
			attributes = {
				BuildIndependentTargetsInParallel = 1;
				LastSwiftUpdateCheck = 1430;
				LastUpgradeCheck = 1430;
				TargetAttributes = {
					3E51D7442A9E416A00251F06 = {
						CreatedOnToolsVersion = 14.3.1;
					};
					3E51D74A2A9E416A00251F06 = {
						CreatedOnToolsVersion = 14.3.1;
					};
				};
			};
			buildConfigurationList = 3E51D7422A9E416A00251F06 /* Build configuration list for PBXProject "Notes" */;
			compatibilityVersion = "Xcode 14.0";
			developmentRegion = en;
			hasScannedForEncodings = 0;
			knownRegions = (
				en,
				Base,
			);
			mainGroup = 3E51D73E2A9E416A00251F06;
			productRefGroup = 3E51D7462A9E416A00251F06 /* Products */;
			projectDirPath = "";
			projectRoot = "";
			targets = (
				3E51D7442A9E416A00251F06 /* Notes */,
				3E51D74A2A9E416A00251F06 /* Notes Watch App */,
			);
		};
/* End PBXProject section */

/* Begin PBXResourcesBuildPhase section */
		3E51D7432A9E416A00251F06 /* Resources */ = {
			isa = PBXResourcesBuildPhase;
			buildActionMask = 2147483647;
			files = (
			);
			runOnlyForDeploymentPostprocessing = 0;
		};
		3E51D7492A9E416A00251F06 /* Resources */ = {
			isa = PBXResourcesBuildPhase;
			buildActionMask = 2147483647;
			files = (
				3E51D7582A9E416B00251F06 /* Preview Assets.xcassets in Resources */,
				3E51D7552A9E416B00251F06 /* Assets.xcassets in Resources */,
			);
			runOnlyForDeploymentPostprocessing = 0;
		};
/* End PBXResourcesBuildPhase section */

/* Begin PBXSourcesBuildPhase section */
		3E51D7472A9E416A00251F06 /* Sources */ = {
			isa = PBXSourcesBuildPhase;
			buildActionMask = 2147483647;
			files = (
				3E46418B2A9F6DD30073F4FB /* SettingsView.swift in Sources */,
				3E51D7532A9E416A00251F06 /* ContentView.swift in Sources */,
				3E4641892A9F6AED0073F4FB /* HeaderView.swift in Sources */,
				3E4641842A9E4B440073F4FB /* DetailView.swift in Sources */,
				3E51D7512A9E416A00251F06 /* NotesApp.swift in Sources */,
				3E4641822A9E43E60073F4FB /* Note.swift in Sources */,
				3E4641862A9F6A850073F4FB /* CreditView.swift in Sources */,
			);
			runOnlyForDeploymentPostprocessing = 0;
		};
/* End PBXSourcesBuildPhase section */

/* Begin PBXTargetDependency section */
		3E51D74E2A9E416A00251F06 /* PBXTargetDependency */ = {
			isa = PBXTargetDependency;
			target = 3E51D74A2A9E416A00251F06 /* Notes Watch App */;
			targetProxy = 3E51D74D2A9E416A00251F06 /* PBXContainerItemProxy */;
		};
/* End PBXTargetDependency section */

/* Begin XCBuildConfiguration section */
		3E51D7592A9E416B00251F06 /* Debug */ = {
			isa = XCBuildConfiguration;
			buildSettings = {
				ALWAYS_SEARCH_USER_PATHS = NO;
				CLANG_ANALYZER_NONNULL = YES;
				CLANG_ANALYZER_NUMBER_OBJECT_CONVERSION = YES_AGGRESSIVE;
				CLANG_CXX_LANGUAGE_STANDARD = "gnu++20";
				CLANG_ENABLE_MODULES = YES;
				CLANG_ENABLE_OBJC_ARC = YES;
				CLANG_ENABLE_OBJC_WEAK = YES;
				CLANG_WARN_BLOCK_CAPTURE_AUTORELEASING = YES;
				CLANG_WARN_BOOL_CONVERSION = YES;
				CLANG_WARN_COMMA = YES;
				CLANG_WARN_CONSTANT_CONVERSION = YES;
				CLANG_WARN_DEPRECATED_OBJC_IMPLEMENTATIONS = YES;
				CLANG_WARN_DIRECT_OBJC_ISA_USAGE = YES_ERROR;
				CLANG_WARN_DOCUMENTATION_COMMENTS = YES;
				CLANG_WARN_EMPTY_BODY = YES;
				CLANG_WARN_ENUM_CONVERSION = YES;
				CLANG_WARN_INFINITE_RECURSION = YES;
				CLANG_WARN_INT_CONVERSION = YES;
				CLANG_WARN_NON_LITERAL_NULL_CONVERSION = YES;
				CLANG_WARN_OBJC_IMPLICIT_RETAIN_SELF = YES;
				CLANG_WARN_OBJC_LITERAL_CONVERSION = YES;
				CLANG_WARN_OBJC_ROOT_CLASS = YES_ERROR;
				CLANG_WARN_QUOTED_INCLUDE_IN_FRAMEWORK_HEADER = YES;
				CLANG_WARN_RANGE_LOOP_ANALYSIS = YES;
				CLANG_WARN_STRICT_PROTOTYPES = YES;
				CLANG_WARN_SUSPICIOUS_MOVE = YES;
				CLANG_WARN_UNGUARDED_AVAILABILITY = YES_AGGRESSIVE;
				CLANG_WARN_UNREACHABLE_CODE = YES;
				CLANG_WARN__DUPLICATE_METHOD_MATCH = YES;
				COPY_PHASE_STRIP = NO;
				DEBUG_INFORMATION_FORMAT = dwarf;
				ENABLE_STRICT_OBJC_MSGSEND = YES;
				ENABLE_TESTABILITY = YES;
				GCC_C_LANGUAGE_STANDARD = gnu11;
				GCC_DYNAMIC_NO_PIC = NO;
				GCC_NO_COMMON_BLOCKS = YES;
				GCC_OPTIMIZATION_LEVEL = 0;
				GCC_PREPROCESSOR_DEFINITIONS = (
					"DEBUG=1",
					"$(inherited)",
				);
				GCC_WARN_64_TO_32_BIT_CONVERSION = YES;
				GCC_WARN_ABOUT_RETURN_TYPE = YES_ERROR;
				GCC_WARN_UNDECLARED_SELECTOR = YES;
				GCC_WARN_UNINITIALIZED_AUTOS = YES_AGGRESSIVE;
				GCC_WARN_UNUSED_FUNCTION = YES;
				GCC_WARN_UNUSED_VARIABLE = YES;
				MTL_ENABLE_DEBUG_INFO = INCLUDE_SOURCE;
				MTL_FAST_MATH = YES;
				ONLY_ACTIVE_ARCH = YES;
				SWIFT_ACTIVE_COMPILATION_CONDITIONS = DEBUG;
				SWIFT_OPTIMIZATION_LEVEL = "-Onone";
			};
			name = Debug;
		};
		3E51D75A2A9E416B00251F06 /* Release */ = {
			isa = XCBuildConfiguration;
			buildSettings = {
				ALWAYS_SEARCH_USER_PATHS = NO;
				CLANG_ANALYZER_NONNULL = YES;
				CLANG_ANALYZER_NUMBER_OBJECT_CONVERSION = YES_AGGRESSIVE;
				CLANG_CXX_LANGUAGE_STANDARD = "gnu++20";
				CLANG_ENABLE_MODULES = YES;
				CLANG_ENABLE_OBJC_ARC = YES;
				CLANG_ENABLE_OBJC_WEAK = YES;
				CLANG_WARN_BLOCK_CAPTURE_AUTORELEASING = YES;
				CLANG_WARN_BOOL_CONVERSION = YES;
				CLANG_WARN_COMMA = YES;
				CLANG_WARN_CONSTANT_CONVERSION = YES;
				CLANG_WARN_DEPRECATED_OBJC_IMPLEMENTATIONS = YES;
				CLANG_WARN_DIRECT_OBJC_ISA_USAGE = YES_ERROR;
				CLANG_WARN_DOCUMENTATION_COMMENTS = YES;
				CLANG_WARN_EMPTY_BODY = YES;
				CLANG_WARN_ENUM_CONVERSION = YES;
				CLANG_WARN_INFINITE_RECURSION = YES;
				CLANG_WARN_INT_CONVERSION = YES;
				CLANG_WARN_NON_LITERAL_NULL_CONVERSION = YES;
				CLANG_WARN_OBJC_IMPLICIT_RETAIN_SELF = YES;
				CLANG_WARN_OBJC_LITERAL_CONVERSION = YES;
				CLANG_WARN_OBJC_ROOT_CLASS = YES_ERROR;
				CLANG_WARN_QUOTED_INCLUDE_IN_FRAMEWORK_HEADER = YES;
				CLANG_WARN_RANGE_LOOP_ANALYSIS = YES;
				CLANG_WARN_STRICT_PROTOTYPES = YES;
				CLANG_WARN_SUSPICIOUS_MOVE = YES;
				CLANG_WARN_UNGUARDED_AVAILABILITY = YES_AGGRESSIVE;
				CLANG_WARN_UNREACHABLE_CODE = YES;
				CLANG_WARN__DUPLICATE_METHOD_MATCH = YES;
				COPY_PHASE_STRIP = NO;
				DEBUG_INFORMATION_FORMAT = "dwarf-with-dsym";
				ENABLE_NS_ASSERTIONS = NO;
				ENABLE_STRICT_OBJC_MSGSEND = YES;
				GCC_C_LANGUAGE_STANDARD = gnu11;
				GCC_NO_COMMON_BLOCKS = YES;
				GCC_WARN_64_TO_32_BIT_CONVERSION = YES;
				GCC_WARN_ABOUT_RETURN_TYPE = YES_ERROR;
				GCC_WARN_UNDECLARED_SELECTOR = YES;
				GCC_WARN_UNINITIALIZED_AUTOS = YES_AGGRESSIVE;
				GCC_WARN_UNUSED_FUNCTION = YES;
				GCC_WARN_UNUSED_VARIABLE = YES;
				MTL_ENABLE_DEBUG_INFO = NO;
				MTL_FAST_MATH = YES;
				SWIFT_COMPILATION_MODE = wholemodule;
				SWIFT_OPTIMIZATION_LEVEL = "-O";
			};
			name = Release;
		};
		3E51D75C2A9E416B00251F06 /* Debug */ = {
			isa = XCBuildConfiguration;
			buildSettings = {
				ASSETCATALOG_COMPILER_APPICON_NAME = AppIcon;
				ASSETCATALOG_COMPILER_GLOBAL_ACCENT_COLOR_NAME = AccentColor;
				CODE_SIGN_STYLE = Automatic;
				CURRENT_PROJECT_VERSION = 1;
				DEVELOPMENT_ASSET_PATHS = "\"Notes Watch App/Preview Content\"";
				DEVELOPMENT_TEAM = 6CG326ELR9;
				ENABLE_PREVIEWS = YES;
				GENERATE_INFOPLIST_FILE = YES;
				INFOPLIST_KEY_CFBundleDisplayName = Notes;
				INFOPLIST_KEY_UISupportedInterfaceOrientations = "UIInterfaceOrientationPortrait UIInterfaceOrientationPortraitUpsideDown";
				INFOPLIST_KEY_WKWatchOnly = YES;
				LD_RUNPATH_SEARCH_PATHS = (
					"$(inherited)",
					"@executable_path/Frameworks",
				);
				MARKETING_VERSION = 1.0;
				PRODUCT_BUNDLE_IDENTIFIER = com.siriuscode.Notes.watchkitapp;
				PRODUCT_NAME = "$(TARGET_NAME)";
				SDKROOT = watchos;
				SKIP_INSTALL = YES;
				SWIFT_EMIT_LOC_STRINGS = YES;
				SWIFT_VERSION = 5.0;
				TARGETED_DEVICE_FAMILY = 4;
				WATCHOS_DEPLOYMENT_TARGET = 9.4;
			};
			name = Debug;
		};
		3E51D75D2A9E416B00251F06 /* Release */ = {
			isa = XCBuildConfiguration;
			buildSettings = {
				ASSETCATALOG_COMPILER_APPICON_NAME = AppIcon;
				ASSETCATALOG_COMPILER_GLOBAL_ACCENT_COLOR_NAME = AccentColor;
				CODE_SIGN_STYLE = Automatic;
				CURRENT_PROJECT_VERSION = 1;
				DEVELOPMENT_ASSET_PATHS = "\"Notes Watch App/Preview Content\"";
				DEVELOPMENT_TEAM = 6CG326ELR9;
				ENABLE_PREVIEWS = YES;
				GENERATE_INFOPLIST_FILE = YES;
				INFOPLIST_KEY_CFBundleDisplayName = Notes;
				INFOPLIST_KEY_UISupportedInterfaceOrientations = "UIInterfaceOrientationPortrait UIInterfaceOrientationPortraitUpsideDown";
				INFOPLIST_KEY_WKWatchOnly = YES;
				LD_RUNPATH_SEARCH_PATHS = (
					"$(inherited)",
					"@executable_path/Frameworks",
				);
				MARKETING_VERSION = 1.0;
				PRODUCT_BUNDLE_IDENTIFIER = com.siriuscode.Notes.watchkitapp;
				PRODUCT_NAME = "$(TARGET_NAME)";
				SDKROOT = watchos;
				SKIP_INSTALL = YES;
				SWIFT_EMIT_LOC_STRINGS = YES;
				SWIFT_VERSION = 5.0;
				TARGETED_DEVICE_FAMILY = 4;
				VALIDATE_PRODUCT = YES;
				WATCHOS_DEPLOYMENT_TARGET = 9.4;
			};
			name = Release;
		};
		3E51D7602A9E416B00251F06 /* Debug */ = {
			isa = XCBuildConfiguration;
			buildSettings = {
				ALWAYS_EMBED_SWIFT_STANDARD_LIBRARIES = YES;
				CODE_SIGN_STYLE = Automatic;
				CURRENT_PROJECT_VERSION = 1;
				DEVELOPMENT_TEAM = 6CG326ELR9;
				INFOPLIST_KEY_CFBundleDisplayName = Notes;
				MARKETING_VERSION = 1.0;
				PRODUCT_BUNDLE_IDENTIFIER = com.siriuscode.Notes;
				PRODUCT_NAME = "$(TARGET_NAME)";
				SDKROOT = iphoneos;
				SWIFT_VERSION = 5.0;
			};
			name = Debug;
		};
		3E51D7612A9E416B00251F06 /* Release */ = {
			isa = XCBuildConfiguration;
			buildSettings = {
				ALWAYS_EMBED_SWIFT_STANDARD_LIBRARIES = YES;
				CODE_SIGN_STYLE = Automatic;
				CURRENT_PROJECT_VERSION = 1;
				DEVELOPMENT_TEAM = 6CG326ELR9;
				INFOPLIST_KEY_CFBundleDisplayName = Notes;
				MARKETING_VERSION = 1.0;
				PRODUCT_BUNDLE_IDENTIFIER = com.siriuscode.Notes;
				PRODUCT_NAME = "$(TARGET_NAME)";
				SDKROOT = iphoneos;
				SWIFT_VERSION = 5.0;
				VALIDATE_PRODUCT = YES;
			};
			name = Release;
		};
/* End XCBuildConfiguration section */

/* Begin XCConfigurationList section */
		3E51D7422A9E416A00251F06 /* Build configuration list for PBXProject "Notes" */ = {
			isa = XCConfigurationList;
			buildConfigurations = (
				3E51D7592A9E416B00251F06 /* Debug */,
				3E51D75A2A9E416B00251F06 /* Release */,
			);
			defaultConfigurationIsVisible = 0;
			defaultConfigurationName = Release;
		};
		3E51D75B2A9E416B00251F06 /* Build configuration list for PBXNativeTarget "Notes Watch App" */ = {
			isa = XCConfigurationList;
			buildConfigurations = (
				3E51D75C2A9E416B00251F06 /* Debug */,
				3E51D75D2A9E416B00251F06 /* Release */,
			);
			defaultConfigurationIsVisible = 0;
			defaultConfigurationName = Release;
		};
		3E51D75F2A9E416B00251F06 /* Build configuration list for PBXNativeTarget "Notes" */ = {
			isa = XCConfigurationList;
			buildConfigurations = (
				3E51D7602A9E416B00251F06 /* Debug */,
				3E51D7612A9E416B00251F06 /* Release */,
			);
			defaultConfigurationIsVisible = 0;
			defaultConfigurationName = Release;
		};
/* End XCConfigurationList section */
	};
	rootObject = 3E51D73F2A9E416A00251F06 /* Project object */;
}
